// !$*UTF8*$!
{
	archiveVersion = 1;
	classes = {
	};
	objectVersion = 46;
	objects = {

/* Begin PBXBuildFile section */
		9EBB37721A98F7B4002B3B09 /* main.m in Sources */ = {isa = PBXBuildFile; fileRef = 9EBB37711A98F7B4002B3B09 /* main.m */; };
		9EBB37751A98F7B4002B3B09 /* AppDelegate.m in Sources */ = {isa = PBXBuildFile; fileRef = 9EBB37741A98F7B4002B3B09 /* AppDelegate.m */; };
		9EBB37781A98F7B5002B3B09 /* YumYum2.xcdatamodeld in Sources */ = {isa = PBXBuildFile; fileRef = 9EBB37761A98F7B5002B3B09 /* YumYum2.xcdatamodeld */; };
		9EBB377B1A98F7B5002B3B09 /* ViewController.m in Sources */ = {isa = PBXBuildFile; fileRef = 9EBB377A1A98F7B5002B3B09 /* ViewController.m */; };
		9EBB377E1A98F7B5002B3B09 /* Main.storyboard in Resources */ = {isa = PBXBuildFile; fileRef = 9EBB377C1A98F7B5002B3B09 /* Main.storyboard */; };
		9EBB37801A98F7B5002B3B09 /* Images.xcassets in Resources */ = {isa = PBXBuildFile; fileRef = 9EBB377F1A98F7B5002B3B09 /* Images.xcassets */; };
		9EBB37831A98F7B5002B3B09 /* LaunchScreen.xib in Resources */ = {isa = PBXBuildFile; fileRef = 9EBB37811A98F7B5002B3B09 /* LaunchScreen.xib */; };
		9EBB378F1A98F7B5002B3B09 /* YumYum2Tests.m in Sources */ = {isa = PBXBuildFile; fileRef = 9EBB378E1A98F7B5002B3B09 /* YumYum2Tests.m */; };
/* End PBXBuildFile section */

/* Begin PBXContainerItemProxy section */
		9EBB37891A98F7B5002B3B09 /* PBXContainerItemProxy */ = {
			isa = PBXContainerItemProxy;
			containerPortal = 9EBB37641A98F7B4002B3B09 /* Project object */;
			proxyType = 1;
			remoteGlobalIDString = 9EBB376B1A98F7B4002B3B09;
			remoteInfo = YumYum2;
		};
/* End PBXContainerItemProxy section */

/* Begin PBXFileReference section */
		9EBB376C1A98F7B4002B3B09 /* YumYum2.app */ = {isa = PBXFileReference; explicitFileType = wrapper.application; includeInIndex = 0; path = YumYum2.app; sourceTree = BUILT_PRODUCTS_DIR; };
		9EBB37701A98F7B4002B3B09 /* Info.plist */ = {isa = PBXFileReference; lastKnownFileType = text.plist.xml; path = Info.plist; sourceTree = "<group>"; };
		9EBB37711A98F7B4002B3B09 /* main.m */ = {isa = PBXFileReference; lastKnownFileType = sourcecode.c.objc; path = main.m; sourceTree = "<group>"; };
		9EBB37731A98F7B4002B3B09 /* AppDelegate.h */ = {isa = PBXFileReference; lastKnownFileType = sourcecode.c.h; path = AppDelegate.h; sourceTree = "<group>"; };
		9EBB37741A98F7B4002B3B09 /* AppDelegate.m */ = {isa = PBXFileReference; lastKnownFileType = sourcecode.c.objc; path = AppDelegate.m; sourceTree = "<group>"; };
		9EBB37771A98F7B5002B3B09 /* YumYum2.xcdatamodel */ = {isa = PBXFileReference; lastKnownFileType = wrapper.xcdatamodel; path = YumYum2.xcdatamodel; sourceTree = "<group>"; };
		9EBB37791A98F7B5002B3B09 /* ViewController.h */ = {isa = PBXFileReference; lastKnownFileType = sourcecode.c.h; path = ViewController.h; sourceTree = "<group>"; };
		9EBB377A1A98F7B5002B3B09 /* ViewController.m */ = {isa = PBXFileReference; lastKnownFileType = sourcecode.c.objc; path = ViewController.m; sourceTree = "<group>"; };
		9EBB377D1A98F7B5002B3B09 /* Base */ = {isa = PBXFileReference; lastKnownFileType = file.storyboard; name = Base; path = Base.lproj/Main.storyboard; sourceTree = "<group>"; };
		9EBB377F1A98F7B5002B3B09 /* Images.xcassets */ = {isa = PBXFileReference; lastKnownFileType = folder.assetcatalog; path = Images.xcassets; sourceTree = "<group>"; };
		9EBB37821A98F7B5002B3B09 /* Base */ = {isa = PBXFileReference; lastKnownFileType = file.xib; name = Base; path = Base.lproj/LaunchScreen.xib; sourceTree = "<group>"; };
		9EBB37881A98F7B5002B3B09 /* YumYum2Tests.xctest */ = {isa = PBXFileReference; explicitFileType = wrapper.cfbundle; includeInIndex = 0; path = YumYum2Tests.xctest; sourceTree = BUILT_PRODUCTS_DIR; };
		9EBB378D1A98F7B5002B3B09 /* Info.plist */ = {isa = PBXFileReference; lastKnownFileType = text.plist.xml; path = Info.plist; sourceTree = "<group>"; };
		9EBB378E1A98F7B5002B3B09 /* YumYum2Tests.m */ = {isa = PBXFileReference; lastKnownFileType = sourcecode.c.objc; path = YumYum2Tests.m; sourceTree = "<group>"; };
/* End PBXFileReference section */

/* Begin PBXFrameworksBuildPhase section */
		9EBB37691A98F7B4002B3B09 /* Frameworks */ = {
			isa = PBXFrameworksBuildPhase;
			buildActionMask = 2147483647;
			files = (
			);
			runOnlyForDeploymentPostprocessing = 0;
		};
		9EBB37851A98F7B5002B3B09 /* Frameworks */ = {
			isa = PBXFrameworksBuildPhase;
			buildActionMask = 2147483647;
			files = (
			);
			runOnlyForDeploymentPostprocessing = 0;
		};
/* End PBXFrameworksBuildPhase section */

/* Begin PBXGroup section */
		9EBB37631A98F7B4002B3B09 = {
			isa = PBXGroup;
			children = (
				9EBB376E1A98F7B4002B3B09 /* YumYum2 */,
				9EBB378B1A98F7B5002B3B09 /* YumYum2Tests */,
				9EBB376D1A98F7B4002B3B09 /* Products */,
			);
			sourceTree = "<group>";
		};
		9EBB376D1A98F7B4002B3B09 /* Products */ = {
			isa = PBXGroup;
			children = (
				9EBB376C1A98F7B4002B3B09 /* YumYum2.app */,
				9EBB37881A98F7B5002B3B09 /* YumYum2Tests.xctest */,
			);
			name = Products;
			sourceTree = "<group>";
		};
		9EBB376E1A98F7B4002B3B09 /* YumYum2 */ = {
			isa = PBXGroup;
			children = (
				9EBB37731A98F7B4002B3B09 /* AppDelegate.h */,
				9EBB37741A98F7B4002B3B09 /* AppDelegate.m */,
				9EBB37791A98F7B5002B3B09 /* ViewController.h */,
				9EBB377A1A98F7B5002B3B09 /* ViewController.m */,
				9EBB377C1A98F7B5002B3B09 /* Main.storyboard */,
				9EBB377F1A98F7B5002B3B09 /* Images.xcassets */,
				9EBB37811A98F7B5002B3B09 /* LaunchScreen.xib */,
				9EBB37761A98F7B5002B3B09 /* YumYum2.xcdatamodeld */,
				9EBB376F1A98F7B4002B3B09 /* Supporting Files */,
			);
			path = YumYum2;
			sourceTree = "<group>";
		};
		9EBB376F1A98F7B4002B3B09 /* Supporting Files */ = {
			isa = PBXGroup;
			children = (
				9EBB37701A98F7B4002B3B09 /* Info.plist */,
				9EBB37711A98F7B4002B3B09 /* main.m */,
			);
			name = "Supporting Files";
			sourceTree = "<group>";
		};
		9EBB378B1A98F7B5002B3B09 /* YumYum2Tests */ = {
			isa = PBXGroup;
			children = (
				9EBB378E1A98F7B5002B3B09 /* YumYum2Tests.m */,
				9EBB378C1A98F7B5002B3B09 /* Supporting Files */,
			);
			path = YumYum2Tests;
			sourceTree = "<group>";
		};
		9EBB378C1A98F7B5002B3B09 /* Supporting Files */ = {
			isa = PBXGroup;
			children = (
				9EBB378D1A98F7B5002B3B09 /* Info.plist */,
			);
			name = "Supporting Files";
			sourceTree = "<group>";
		};
/* End PBXGroup section */

/* Begin PBXNativeTarget section */
		9EBB376B1A98F7B4002B3B09 /* YumYum2 */ = {
			isa = PBXNativeTarget;
			buildConfigurationList = 9EBB37921A98F7B5002B3B09 /* Build configuration list for PBXNativeTarget "YumYum2" */;
			buildPhases = (
				9EBB37681A98F7B4002B3B09 /* Sources */,
				9EBB37691A98F7B4002B3B09 /* Frameworks */,
				9EBB376A1A98F7B4002B3B09 /* Resources */,
			);
			buildRules = (
			);
			dependencies = (
			);
			name = YumYum2;
			productName = YumYum2;
			productReference = 9EBB376C1A98F7B4002B3B09 /* YumYum2.app */;
			productType = "com.apple.product-type.application";
		};
		9EBB37871A98F7B5002B3B09 /* YumYum2Tests */ = {
			isa = PBXNativeTarget;
			buildConfigurationList = 9EBB37951A98F7B5002B3B09 /* Build configuration list for PBXNativeTarget "YumYum2Tests" */;
			buildPhases = (
				9EBB37841A98F7B5002B3B09 /* Sources */,
				9EBB37851A98F7B5002B3B09 /* Frameworks */,
				9EBB37861A98F7B5002B3B09 /* Resources */,
			);
			buildRules = (
			);
			dependencies = (
				9EBB378A1A98F7B5002B3B09 /* PBXTargetDependency */,
			);
			name = YumYum2Tests;
			productName = YumYum2Tests;
			productReference = 9EBB37881A98F7B5002B3B09 /* YumYum2Tests.xctest */;
			productType = "com.apple.product-type.bundle.unit-test";
		};
/* End PBXNativeTarget section */

/* Begin PBXProject section */
		9EBB37641A98F7B4002B3B09 /* Project object */ = {
			isa = PBXProject;
			attributes = {
				LastUpgradeCheck = 0610;
				ORGANIZATIONNAME = "Loud Skies";
				TargetAttributes = {
					9EBB376B1A98F7B4002B3B09 = {
						CreatedOnToolsVersion = 6.1.1;
					};
					9EBB37871A98F7B5002B3B09 = {
						CreatedOnToolsVersion = 6.1.1;
						TestTargetID = 9EBB376B1A98F7B4002B3B09;
					};
				};
			};
			buildConfigurationList = 9EBB37671A98F7B4002B3B09 /* Build configuration list for PBXProject "YumYum2" */;
			compatibilityVersion = "Xcode 3.2";
			developmentRegion = English;
			hasScannedForEncodings = 0;
			knownRegions = (
				en,
				Base,
			);
			mainGroup = 9EBB37631A98F7B4002B3B09;
			productRefGroup = 9EBB376D1A98F7B4002B3B09 /* Products */;
			projectDirPath = "";
			projectRoot = "";
			targets = (
				9EBB376B1A98F7B4002B3B09 /* YumYum2 */,
				9EBB37871A98F7B5002B3B09 /* YumYum2Tests */,
			);
		};
/* End PBXProject section */

/* Begin PBXResourcesBuildPhase section */
		9EBB376A1A98F7B4002B3B09 /* Resources */ = {
			isa = PBXResourcesBuildPhase;
			buildActionMask = 2147483647;
			files = (
				9EBB377E1A98F7B5002B3B09 /* Main.storyboard in Resources */,
				9EBB37831A98F7B5002B3B09 /* LaunchScreen.xib in Resources */,
				9EBB37801A98F7B5002B3B09 /* Images.xcassets in Resources */,
			);
			runOnlyForDeploymentPostprocessing = 0;
		};
		9EBB37861A98F7B5002B3B09 /* Resources */ = {
			isa = PBXResourcesBuildPhase;
			buildActionMask = 2147483647;
			files = (
			);
			runOnlyForDeploymentPostprocessing = 0;
		};
/* End PBXResourcesBuildPhase section */

/* Begin PBXSourcesBuildPhase section */
		9EBB37681A98F7B4002B3B09 /* Sources */ = {
			isa = PBXSourcesBuildPhase;
			buildActionMask = 2147483647;
			files = (
				9EBB37781A98F7B5002B3B09 /* YumYum2.xcdatamodeld in Sources */,
				9EBB37751A98F7B4002B3B09 /* AppDelegate.m in Sources */,
				9EBB377B1A98F7B5002B3B09 /* ViewController.m in Sources */,
				9EBB37721A98F7B4002B3B09 /* main.m in Sources */,
			);
			runOnlyForDeploymentPostprocessing = 0;
		};
		9EBB37841A98F7B5002B3B09 /* Sources */ = {
			isa = PBXSourcesBuildPhase;
			buildActionMask = 2147483647;
			files = (
				9EBB378F1A98F7B5002B3B09 /* YumYum2Tests.m in Sources */,
			);
			runOnlyForDeploymentPostprocessing = 0;
		};
/* End PBXSourcesBuildPhase section */

/* Begin PBXTargetDependency section */
		9EBB378A1A98F7B5002B3B09 /* PBXTargetDependency */ = {
			isa = PBXTargetDependency;
			target = 9EBB376B1A98F7B4002B3B09 /* YumYum2 */;
			targetProxy = 9EBB37891A98F7B5002B3B09 /* PBXContainerItemProxy */;
		};
/* End PBXTargetDependency section */

/* Begin PBXVariantGroup section */
		9EBB377C1A98F7B5002B3B09 /* Main.storyboard */ = {
			isa = PBXVariantGroup;
			children = (
				9EBB377D1A98F7B5002B3B09 /* Base */,
			);
			name = Main.storyboard;
			sourceTree = "<group>";
		};
		9EBB37811A98F7B5002B3B09 /* LaunchScreen.xib */ = {
			isa = PBXVariantGroup;
			children = (
				9EBB37821A98F7B5002B3B09 /* Base */,
			);
			name = LaunchScreen.xib;
			sourceTree = "<group>";
		};
/* End PBXVariantGroup section */

/* Begin XCBuildConfiguration section */
		9EBB37901A98F7B5002B3B09 /* Debug */ = {
			isa = XCBuildConfiguration;
			buildSettings = {
				ALWAYS_SEARCH_USER_PATHS = NO;
				CLANG_CXX_LANGUAGE_STANDARD = "gnu++0x";
				CLANG_CXX_LIBRARY = "libc++";
				CLANG_ENABLE_MODULES = YES;
				CLANG_ENABLE_OBJC_ARC = YES;
				CLANG_WARN_BOOL_CONVERSION = YES;
				CLANG_WARN_CONSTANT_CONVERSION = YES;
				CLANG_WARN_DIRECT_OBJC_ISA_USAGE = YES_ERROR;
				CLANG_WARN_EMPTY_BODY = YES;
				CLANG_WARN_ENUM_CONVERSION = YES;
				CLANG_WARN_INT_CONVERSION = YES;
				CLANG_WARN_OBJC_ROOT_CLASS = YES_ERROR;
				CLANG_WARN_UNREACHABLE_CODE = YES;
				CLANG_WARN__DUPLICATE_METHOD_MATCH = YES;
				"CODE_SIGN_IDENTITY[sdk=iphoneos*]" = "iPhone Developer";
				COPY_PHASE_STRIP = NO;
				ENABLE_STRICT_OBJC_MSGSEND = YES;
				GCC_C_LANGUAGE_STANDARD = gnu99;
				GCC_DYNAMIC_NO_PIC = NO;
				GCC_OPTIMIZATION_LEVEL = 0;
				GCC_PREPROCESSOR_DEFINITIONS = (
					"DEBUG=1",
					"$(inherited)",
				);
				GCC_SYMBOLS_PRIVATE_EXTERN = NO;
				GCC_WARN_64_TO_32_BIT_CONVERSION = YES;
				GCC_WARN_ABOUT_RETURN_TYPE = YES_ERROR;
				GCC_WARN_UNDECLARED_SELECTOR = YES;
				GCC_WARN_UNINITIALIZED_AUTOS = YES_AGGRESSIVE;
				GCC_WARN_UNUSED_FUNCTION = YES;
				GCC_WARN_UNUSED_VARIABLE = YES;
				IPHONEOS_DEPLOYMENT_TARGET = 8.1;
				MTL_ENABLE_DEBUG_INFO = YES;
				ONLY_ACTIVE_ARCH = YES;
				SDKROOT = iphoneos;
				TARGETED_DEVICE_FAMILY = "1,2";
			};
			name = Debug;
		};
		9EBB37911A98F7B5002B3B09 /* Release */ = {
			isa = XCBuildConfiguration;
			buildSettings = {
				ALWAYS_SEARCH_USER_PATHS = NO;
				CLANG_CXX_LANGUAGE_STANDARD = "gnu++0x";
				CLANG_CXX_LIBRARY = "libc++";
				CLANG_ENABLE_MODULES = YES;
				CLANG_ENABLE_OBJC_ARC = YES;
				CLANG_WARN_BOOL_CONVERSION = YES;
				CLANG_WARN_CONSTANT_CONVERSION = YES;
				CLANG_WARN_DIRECT_OBJC_ISA_USAGE = YES_ERROR;
				CLANG_WARN_EMPTY_BODY = YES;
				CLANG_WARN_ENUM_CONVERSION = YES;
				CLANG_WARN_INT_CONVERSION = YES;
				CLANG_WARN_OBJC_ROOT_CLASS = YES_ERROR;
				CLANG_WARN_UNREACHABLE_CODE = YES;
				CLANG_WARN__DUPLICATE_METHOD_MATCH = YES;
				"CODE_SIGN_IDENTITY[sdk=iphoneos*]" = "iPhone Developer";
				COPY_PHASE_STRIP = YES;
				ENABLE_NS_ASSERTIONS = NO;
				ENABLE_STRICT_OBJC_MSGSEND = YES;
				GCC_C_LANGUAGE_STANDARD = gnu99;
				GCC_WARN_64_TO_32_BIT_CONVERSION = YES;
				GCC_WARN_ABOUT_RETURN_TYPE = YES_ERROR;
				GCC_WARN_UNDECLARED_SELECTOR = YES;
				GCC_WARN_UNINITIALIZED_AUTOS = YES_AGGRESSIVE;
				GCC_WARN_UNUSED_FUNCTION = YES;
				GCC_WARN_UNUSED_VARIABLE = YES;
				IPHONEOS_DEPLOYMENT_TARGET = 8.1;
				MTL_ENABLE_DEBUG_INFO = NO;
				SDKROOT = iphoneos;
				TARGETED_DEVICE_FAMILY = "1,2";
				VALIDATE_PRODUCT = YES;
			};
			name = Release;
		};
		9EBB37931A98F7B5002B3B09 /* Debug */ = {
			isa = XCBuildConfiguration;
			buildSettings = {
				ASSETCATALOG_COMPILER_APPICON_NAME = AppIcon;
				INFOPLIST_FILE = YumYum2/Info.plist;
				LD_RUNPATH_SEARCH_PATHS = "$(inherited) @executable_path/Frameworks";
				PRODUCT_NAME = "$(TARGET_NAME)";
			};
			name = Debug;
		};
		9EBB37941A98F7B5002B3B09 /* Release */ = {
			isa = XCBuildConfiguration;
			buildSettings = {
				ASSETCATALOG_COMPILER_APPICON_NAME = AppIcon;
				INFOPLIST_FILE = YumYum2/Info.plist;
				LD_RUNPATH_SEARCH_PATHS = "$(inherited) @executable_path/Frameworks";
				PRODUCT_NAME = "$(TARGET_NAME)";
			};
			name = Release;
		};
		9EBB37961A98F7B5002B3B09 /* Debug */ = {
			isa = XCBuildConfiguration;
			buildSettings = {
				BUNDLE_LOADER = "$(TEST_HOST)";
				FRAMEWORK_SEARCH_PATHS = (
					"$(SDKROOT)/Developer/Library/Frameworks",
					"$(inherited)",
				);
				GCC_PREPROCESSOR_DEFINITIONS = (
					"DEBUG=1",
					"$(inherited)",
				);
				INFOPLIST_FILE = YumYum2Tests/Info.plist;
				LD_RUNPATH_SEARCH_PATHS = "$(inherited) @executable_path/Frameworks @loader_path/Frameworks";
				PRODUCT_NAME = "$(TARGET_NAME)";
				TEST_HOST = "$(BUILT_PRODUCTS_DIR)/YumYum2.app/YumYum2";
			};
			name = Debug;
		};
		9EBB37971A98F7B5002B3B09 /* Release */ = {
			isa = XCBuildConfiguration;
			buildSettings = {
				BUNDLE_LOADER = "$(TEST_HOST)";
				FRAMEWORK_SEARCH_PATHS = (
					"$(SDKROOT)/Developer/Library/Frameworks",
					"$(inherited)",
				);
				INFOPLIST_FILE = YumYum2Tests/Info.plist;
				LD_RUNPATH_SEARCH_PATHS = "$(inherited) @executable_path/Frameworks @loader_path/Frameworks";
				PRODUCT_NAME = "$(TARGET_NAME)";
				TEST_HOST = "$(BUILT_PRODUCTS_DIR)/YumYum2.app/YumYum2";
			};
			name = Release;
		};
/* End XCBuildConfiguration section */

/* Begin XCConfigurationList section */
		9EBB37671A98F7B4002B3B09 /* Build configuration list for PBXProject "YumYum2" */ = {
			isa = XCConfigurationList;
			buildConfigurations = (
				9EBB37901A98F7B5002B3B09 /* Debug */,
				9EBB37911A98F7B5002B3B09 /* Release */,
			);
			defaultConfigurationIsVisible = 0;
			defaultConfigurationName = Release;
		};
		9EBB37921A98F7B5002B3B09 /* Build configuration list for PBXNativeTarget "YumYum2" */ = {
			isa = XCConfigurationList;
			buildConfigurations = (
				9EBB37931A98F7B5002B3B09 /* Debug */,
				9EBB37941A98F7B5002B3B09 /* Release */,
			);
			defaultConfigurationIsVisible = 0;
		};
		9EBB37951A98F7B5002B3B09 /* Build configuration list for PBXNativeTarget "YumYum2Tests" */ = {
			isa = XCConfigurationList;
			buildConfigurations = (
				9EBB37961A98F7B5002B3B09 /* Debug */,
				9EBB37971A98F7B5002B3B09 /* Release */,
			);
			defaultConfigurationIsVisible = 0;
		};
/* End XCConfigurationList section */

/* Begin XCVersionGroup section */
		9EBB37761A98F7B5002B3B09 /* YumYum2.xcdatamodeld */ = {
			isa = XCVersionGroup;
			children = (
				9EBB37771A98F7B5002B3B09 /* YumYum2.xcdatamodel */,
			);
			currentVersion = 9EBB37771A98F7B5002B3B09 /* YumYum2.xcdatamodel */;
			path = YumYum2.xcdatamodeld;
			sourceTree = "<group>";
			versionGroupType = wrapper.xcdatamodel;
		};
/* End XCVersionGroup section */
	};
	rootObject = 9EBB37641A98F7B4002B3B09 /* Project object */;
}
